// !$*UTF8*$!
{
	archiveVersion = 1;
	classes = {
	};
	objectVersion = 46;
	objects = {

/* Begin PBXBuildFile section */
		0F78C99F98725EDCB1D4E363 /* Pods_____.framework in Frameworks */ = {isa = PBXBuildFile; fileRef = 8C4FB8C24AE9A62828A14C8E /* Pods_____.framework */; };
		EE12B3B71F026CD800C0E02B /* PageContentView.swift in Sources */ = {isa = PBXBuildFile; fileRef = EE12B3B61F026CD800C0E02B /* PageContentView.swift */; };
		EE12B3B91F02700700C0E02B /* UIColor-Extension.swift in Sources */ = {isa = PBXBuildFile; fileRef = EE12B3B81F02700700C0E02B /* UIColor-Extension.swift */; };
		EE132DE41F04EEEC0045B4DA /* NetworkTools.swift in Sources */ = {isa = PBXBuildFile; fileRef = EE132DE31F04EEEC0045B4DA /* NetworkTools.swift */; };
		EE132DEB1F0517E00045B4DA /* RcommendViewModel.swift in Sources */ = {isa = PBXBuildFile; fileRef = EE132DEA1F0517E00045B4DA /* RcommendViewModel.swift */; };
		EE132E691F05DBFF0045B4DA /* AnchorGroup.swift in Sources */ = {isa = PBXBuildFile; fileRef = EE132E681F05DBFF0045B4DA /* AnchorGroup.swift */; };
		EE132E6B1F05DCD60045B4DA /* AnchorModel.swift in Sources */ = {isa = PBXBuildFile; fileRef = EE132E6A1F05DCD60045B4DA /* AnchorModel.swift */; };
		EE132E6D1F05DF870045B4DA /* NSDate-Extension.swift in Sources */ = {isa = PBXBuildFile; fileRef = EE132E6C1F05DF870045B4DA /* NSDate-Extension.swift */; };
		EE132E721F09F1860045B4DA /* CollectionBaseCell.swift in Sources */ = {isa = PBXBuildFile; fileRef = EE132E711F09F1860045B4DA /* CollectionBaseCell.swift */; };
		EE132E7B1F0A41710045B4DA /* RecommendCycleView.swift in Sources */ = {isa = PBXBuildFile; fileRef = EE132E7A1F0A41710045B4DA /* RecommendCycleView.swift */; };
		EE132E7D1F0A418B0045B4DA /* RecommendCycleView.xib in Resources */ = {isa = PBXBuildFile; fileRef = EE132E7C1F0A418B0045B4DA /* RecommendCycleView.xib */; };
		EE132E7F1F0A57780045B4DA /* CycleModel.swift in Sources */ = {isa = PBXBuildFile; fileRef = EE132E7E1F0A57780045B4DA /* CycleModel.swift */; };
		EE1D284E1F04A46500F40A70 /* RecommendController.swift in Sources */ = {isa = PBXBuildFile; fileRef = EE1D284D1F04A46500F40A70 /* RecommendController.swift */; };
		EE1E35BA1F01272B00547355 /* PageTitleView.swift in Sources */ = {isa = PBXBuildFile; fileRef = EE1E35B91F01272B00547355 /* PageTitleView.swift */; };
		EE1E35BD1F012AEA00547355 /* UIBarButtonItem-extension.swift in Sources */ = {isa = PBXBuildFile; fileRef = EE1E35BC1F012AEA00547355 /* UIBarButtonItem-extension.swift */; };
		EE1E35BF1F012B1000547355 /* Common.swift in Sources */ = {isa = PBXBuildFile; fileRef = EE1E35BE1F012B1000547355 /* Common.swift */; };
		EE39E54D1F04CD8100819F47 /* CollectionHeadView.swift in Sources */ = {isa = PBXBuildFile; fileRef = EE39E54B1F04CD8100819F47 /* CollectionHeadView.swift */; };
		EE39E54E1F04CD8100819F47 /* CollectionHeadView.xib in Resources */ = {isa = PBXBuildFile; fileRef = EE39E54C1F04CD8100819F47 /* CollectionHeadView.xib */; };
		EE39E5511F04CFC700819F47 /* KCollectionNormalCell.swift in Sources */ = {isa = PBXBuildFile; fileRef = EE39E54F1F04CFC700819F47 /* KCollectionNormalCell.swift */; };
		EE39E5521F04CFC700819F47 /* KCollectionNormalCell.xib in Resources */ = {isa = PBXBuildFile; fileRef = EE39E5501F04CFC700819F47 /* KCollectionNormalCell.xib */; };
		EE39E5551F04D85A00819F47 /* KCollectionPrettyCell.swift in Sources */ = {isa = PBXBuildFile; fileRef = EE39E5531F04D85A00819F47 /* KCollectionPrettyCell.swift */; };
		EE39E5561F04D85A00819F47 /* KCollectionPrettyCell.xib in Resources */ = {isa = PBXBuildFile; fileRef = EE39E5541F04D85A00819F47 /* KCollectionPrettyCell.xib */; };
		EE8F41801EFBEBE300DD5265 /* AppDelegate.swift in Sources */ = {isa = PBXBuildFile; fileRef = EE8F417F1EFBEBE300DD5265 /* AppDelegate.swift */; };
		EE8F41851EFBEBE300DD5265 /* Main.storyboard in Resources */ = {isa = PBXBuildFile; fileRef = EE8F41831EFBEBE300DD5265 /* Main.storyboard */; };
		EE8F41871EFBEBE300DD5265 /* Assets.xcassets in Resources */ = {isa = PBXBuildFile; fileRef = EE8F41861EFBEBE300DD5265 /* Assets.xcassets */; };
		EE8F41951EFBEBE300DD5265 /* ____Tests.swift in Sources */ = {isa = PBXBuildFile; fileRef = EE8F41941EFBEBE300DD5265 /* ____Tests.swift */; };
		EE8F41A01EFBEBE300DD5265 /* ____UITests.swift in Sources */ = {isa = PBXBuildFile; fileRef = EE8F419F1EFBEBE300DD5265 /* ____UITests.swift */; };
		EE8F41BE1EFCB34000DD5265 /* Home.storyboard in Resources */ = {isa = PBXBuildFile; fileRef = EE8F41BC1EFCB34000DD5265 /* Home.storyboard */; };
		EE8F41C11EFCB38100DD5265 /* Live.storyboard in Resources */ = {isa = PBXBuildFile; fileRef = EE8F41BF1EFCB38100DD5265 /* Live.storyboard */; };
		EE8F41C41EFCB3AA00DD5265 /* Follow.storyboard in Resources */ = {isa = PBXBuildFile; fileRef = EE8F41C21EFCB3AA00DD5265 /* Follow.storyboard */; };
		EE8F41C71EFCB3C100DD5265 /* Profile.storyboard in Resources */ = {isa = PBXBuildFile; fileRef = EE8F41C51EFCB3C100DD5265 /* Profile.storyboard */; };
		EE8F41EE1EFCB65900DD5265 /* MainTarBarViewController.swift in Sources */ = {isa = PBXBuildFile; fileRef = EE8F41ED1EFCB65900DD5265 /* MainTarBarViewController.swift */; };
		EE8F41F21EFCB72D00DD5265 /* HomeViewController.swift in Sources */ = {isa = PBXBuildFile; fileRef = EE8F41F11EFCB72D00DD5265 /* HomeViewController.swift */; };
		EE8F41F41EFCB74900DD5265 /* LiveViewController.swift in Sources */ = {isa = PBXBuildFile; fileRef = EE8F41F31EFCB74900DD5265 /* LiveViewController.swift */; };
		EE8F41F61EFCB76100DD5265 /* ProfileViewController.swift in Sources */ = {isa = PBXBuildFile; fileRef = EE8F41F51EFCB76000DD5265 /* ProfileViewController.swift */; };
		EE8F41F81EFCB77B00DD5265 /* FollowViewController.swift in Sources */ = {isa = PBXBuildFile; fileRef = EE8F41F71EFCB77B00DD5265 /* FollowViewController.swift */; };
		EEB2B6AA1F0FB44500CDE79C /* CollectionGameCell.swift in Sources */ = {isa = PBXBuildFile; fileRef = EEB2B6A81F0FB44500CDE79C /* CollectionGameCell.swift */; };
		EEB2B6AB1F0FB44500CDE79C /* CollectionGameCell.xib in Resources */ = {isa = PBXBuildFile; fileRef = EEB2B6A91F0FB44500CDE79C /* CollectionGameCell.xib */; };
		EEB2B6AD1F10BBC900CDE79C /* GameController.swift in Sources */ = {isa = PBXBuildFile; fileRef = EEB2B6AC1F10BBC900CDE79C /* GameController.swift */; };
		EEB2B6AF1F10C86E00CDE79C /* GameViewModel.swift in Sources */ = {isa = PBXBuildFile; fileRef = EEB2B6AE1F10C86E00CDE79C /* GameViewModel.swift */; };
		EEB2B6B11F10CA3D00CDE79C /* GameModel.swift in Sources */ = {isa = PBXBuildFile; fileRef = EEB2B6B01F10CA3D00CDE79C /* GameModel.swift */; };
		EEB2B6B31F10CAFE00CDE79C /* BaseGameModel.swift in Sources */ = {isa = PBXBuildFile; fileRef = EEB2B6B21F10CAFE00CDE79C /* BaseGameModel.swift */; };
		EEB2B6BF1F13900200CDE79C /* AmuseController.swift in Sources */ = {isa = PBXBuildFile; fileRef = EEB2B6BE1F13900200CDE79C /* AmuseController.swift */; };
		EEB2B6C11F1399E400CDE79C /* AmuseViewModel.swift in Sources */ = {isa = PBXBuildFile; fileRef = EEB2B6C01F1399E400CDE79C /* AmuseViewModel.swift */; };
		EEB2B6C31F14588D00CDE79C /* BaseAnchorViewModel.swift in Sources */ = {isa = PBXBuildFile; fileRef = EEB2B6C21F14588D00CDE79C /* BaseAnchorViewModel.swift */; };
		EEB2B6C51F145CFF00CDE79C /* BaseAnchorController.swift in Sources */ = {isa = PBXBuildFile; fileRef = EEB2B6C41F145CFF00CDE79C /* BaseAnchorController.swift */; };
		EEB2B6CE1F14E98D00CDE79C /* AmuseMenuView.swift in Sources */ = {isa = PBXBuildFile; fileRef = EEB2B6CD1F14E98D00CDE79C /* AmuseMenuView.swift */; };
		EEB2B6D01F14E9A900CDE79C /* AmuseMenuView.xib in Resources */ = {isa = PBXBuildFile; fileRef = EEB2B6CF1F14E9A900CDE79C /* AmuseMenuView.xib */; };
		EEB2B6D31F14F38800CDE79C /* CollectionAmuseMenuCell.swift in Sources */ = {isa = PBXBuildFile; fileRef = EEB2B6D11F14F38800CDE79C /* CollectionAmuseMenuCell.swift */; };
		EEB2B6D41F14F38800CDE79C /* CollectionAmuseMenuCell.xib in Resources */ = {isa = PBXBuildFile; fileRef = EEB2B6D21F14F38800CDE79C /* CollectionAmuseMenuCell.xib */; };
		EEE577461F0E4A1E00D0F558 /* CollectionCycleCell.swift in Sources */ = {isa = PBXBuildFile; fileRef = EEE577441F0E4A1E00D0F558 /* CollectionCycleCell.swift */; };
		EEE577471F0E4A1E00D0F558 /* CollectionCycleCell.xib in Resources */ = {isa = PBXBuildFile; fileRef = EEE577451F0E4A1E00D0F558 /* CollectionCycleCell.xib */; };
		EEE577491F0E5BF400D0F558 /* KGameView.swift in Sources */ = {isa = PBXBuildFile; fileRef = EEE577481F0E5BF400D0F558 /* KGameView.swift */; };
		EEE5774B1F0E5C0A00D0F558 /* KGameView.xib in Resources */ = {isa = PBXBuildFile; fileRef = EEE5774A1F0E5C0A00D0F558 /* KGameView.xib */; };
/* End PBXBuildFile section */

/* Begin PBXContainerItemProxy section */
		EE8F41911EFBEBE300DD5265 /* PBXContainerItemProxy */ = {
			isa = PBXContainerItemProxy;
			containerPortal = EE8F41741EFBEBE300DD5265 /* Project object */;
			proxyType = 1;
			remoteGlobalIDString = EE8F417B1EFBEBE300DD5265;
			remoteInfo = "斗鱼直播";
		};
		EE8F419C1EFBEBE300DD5265 /* PBXContainerItemProxy */ = {
			isa = PBXContainerItemProxy;
			containerPortal = EE8F41741EFBEBE300DD5265 /* Project object */;
			proxyType = 1;
			remoteGlobalIDString = EE8F417B1EFBEBE300DD5265;
			remoteInfo = "斗鱼直播";
		};
/* End PBXContainerItemProxy section */

/* Begin PBXFileReference section */
		5E0B8837A1132BC1732C392D /* Pods-斗鱼直播.release.xcconfig */ = {isa = PBXFileReference; includeInIndex = 1; lastKnownFileType = text.xcconfig; name = "Pods-斗鱼直播.release.xcconfig"; path = "Pods/Target Support Files/Pods-斗鱼直播/Pods-斗鱼直播.release.xcconfig"; sourceTree = "<group>"; };
		8C4FB8C24AE9A62828A14C8E /* Pods_____.framework */ = {isa = PBXFileReference; explicitFileType = wrapper.framework; includeInIndex = 0; path = "Pods_____.framework"; sourceTree = BUILT_PRODUCTS_DIR; };
		9086A9F38AA14F62B1C615C7 /* Pods-斗鱼直播.debug.xcconfig */ = {isa = PBXFileReference; includeInIndex = 1; lastKnownFileType = text.xcconfig; name = "Pods-斗鱼直播.debug.xcconfig"; path = "Pods/Target Support Files/Pods-斗鱼直播/Pods-斗鱼直播.debug.xcconfig"; sourceTree = "<group>"; };
		EE12B3B61F026CD800C0E02B /* PageContentView.swift */ = {isa = PBXFileReference; fileEncoding = 4; lastKnownFileType = sourcecode.swift; path = PageContentView.swift; sourceTree = "<group>"; };
		EE12B3B81F02700700C0E02B /* UIColor-Extension.swift */ = {isa = PBXFileReference; fileEncoding = 4; lastKnownFileType = sourcecode.swift; path = "UIColor-Extension.swift"; sourceTree = "<group>"; };
		EE132DE31F04EEEC0045B4DA /* NetworkTools.swift */ = {isa = PBXFileReference; fileEncoding = 4; lastKnownFileType = sourcecode.swift; path = NetworkTools.swift; sourceTree = "<group>"; };
		EE132DEA1F0517E00045B4DA /* RcommendViewModel.swift */ = {isa = PBXFileReference; fileEncoding = 4; lastKnownFileType = sourcecode.swift; path = RcommendViewModel.swift; sourceTree = "<group>"; };
		EE132E681F05DBFF0045B4DA /* AnchorGroup.swift */ = {isa = PBXFileReference; fileEncoding = 4; lastKnownFileType = sourcecode.swift; path = AnchorGroup.swift; sourceTree = "<group>"; };
		EE132E6A1F05DCD60045B4DA /* AnchorModel.swift */ = {isa = PBXFileReference; fileEncoding = 4; lastKnownFileType = sourcecode.swift; path = AnchorModel.swift; sourceTree = "<group>"; };
		EE132E6C1F05DF870045B4DA /* NSDate-Extension.swift */ = {isa = PBXFileReference; fileEncoding = 4; lastKnownFileType = sourcecode.swift; path = "NSDate-Extension.swift"; sourceTree = "<group>"; };
		EE132E711F09F1860045B4DA /* CollectionBaseCell.swift */ = {isa = PBXFileReference; fileEncoding = 4; lastKnownFileType = sourcecode.swift; path = CollectionBaseCell.swift; sourceTree = "<group>"; };
		EE132E7A1F0A41710045B4DA /* RecommendCycleView.swift */ = {isa = PBXFileReference; fileEncoding = 4; lastKnownFileType = sourcecode.swift; path = RecommendCycleView.swift; sourceTree = "<group>"; };
		EE132E7C1F0A418B0045B4DA /* RecommendCycleView.xib */ = {isa = PBXFileReference; fileEncoding = 4; lastKnownFileType = file.xib; path = RecommendCycleView.xib; sourceTree = "<group>"; };
		EE132E7E1F0A57780045B4DA /* CycleModel.swift */ = {isa = PBXFileReference; fileEncoding = 4; lastKnownFileType = sourcecode.swift; path = CycleModel.swift; sourceTree = "<group>"; };
		EE1D284D1F04A46500F40A70 /* RecommendController.swift */ = {isa = PBXFileReference; fileEncoding = 4; lastKnownFileType = sourcecode.swift; path = RecommendController.swift; sourceTree = "<group>"; };
		EE1E35B91F01272B00547355 /* PageTitleView.swift */ = {isa = PBXFileReference; fileEncoding = 4; lastKnownFileType = sourcecode.swift; path = PageTitleView.swift; sourceTree = "<group>"; };
		EE1E35BC1F012AEA00547355 /* UIBarButtonItem-extension.swift */ = {isa = PBXFileReference; fileEncoding = 4; lastKnownFileType = sourcecode.swift; path = "UIBarButtonItem-extension.swift"; sourceTree = "<group>"; };
		EE1E35BE1F012B1000547355 /* Common.swift */ = {isa = PBXFileReference; fileEncoding = 4; lastKnownFileType = sourcecode.swift; path = Common.swift; sourceTree = "<group>"; };
		EE39E54B1F04CD8100819F47 /* CollectionHeadView.swift */ = {isa = PBXFileReference; fileEncoding = 4; lastKnownFileType = sourcecode.swift; path = CollectionHeadView.swift; sourceTree = "<group>"; };
		EE39E54C1F04CD8100819F47 /* CollectionHeadView.xib */ = {isa = PBXFileReference; fileEncoding = 4; lastKnownFileType = file.xib; path = CollectionHeadView.xib; sourceTree = "<group>"; };
		EE39E54F1F04CFC700819F47 /* KCollectionNormalCell.swift */ = {isa = PBXFileReference; fileEncoding = 4; lastKnownFileType = sourcecode.swift; path = KCollectionNormalCell.swift; sourceTree = "<group>"; };
		EE39E5501F04CFC700819F47 /* KCollectionNormalCell.xib */ = {isa = PBXFileReference; fileEncoding = 4; lastKnownFileType = file.xib; path = KCollectionNormalCell.xib; sourceTree = "<group>"; };
		EE39E5531F04D85A00819F47 /* KCollectionPrettyCell.swift */ = {isa = PBXFileReference; fileEncoding = 4; lastKnownFileType = sourcecode.swift; path = KCollectionPrettyCell.swift; sourceTree = "<group>"; };
		EE39E5541F04D85A00819F47 /* KCollectionPrettyCell.xib */ = {isa = PBXFileReference; fileEncoding = 4; lastKnownFileType = file.xib; path = KCollectionPrettyCell.xib; sourceTree = "<group>"; };
		EE8F417C1EFBEBE300DD5265 /* 斗鱼直播.app */ = {isa = PBXFileReference; explicitFileType = wrapper.application; includeInIndex = 0; path = "斗鱼直播.app"; sourceTree = BUILT_PRODUCTS_DIR; };
		EE8F417F1EFBEBE300DD5265 /* AppDelegate.swift */ = {isa = PBXFileReference; lastKnownFileType = sourcecode.swift; path = AppDelegate.swift; sourceTree = "<group>"; };
		EE8F41841EFBEBE300DD5265 /* Base */ = {isa = PBXFileReference; lastKnownFileType = file.storyboard; name = Base; path = Base.lproj/Main.storyboard; sourceTree = "<group>"; };
		EE8F41861EFBEBE300DD5265 /* Assets.xcassets */ = {isa = PBXFileReference; lastKnownFileType = folder.assetcatalog; path = Assets.xcassets; sourceTree = "<group>"; };
		EE8F418B1EFBEBE300DD5265 /* Info.plist */ = {isa = PBXFileReference; lastKnownFileType = text.plist.xml; path = Info.plist; sourceTree = "<group>"; };
		EE8F41901EFBEBE300DD5265 /* 斗鱼直播Tests.xctest */ = {isa = PBXFileReference; explicitFileType = wrapper.cfbundle; includeInIndex = 0; path = "斗鱼直播Tests.xctest"; sourceTree = BUILT_PRODUCTS_DIR; };
		EE8F41941EFBEBE300DD5265 /* ____Tests.swift */ = {isa = PBXFileReference; lastKnownFileType = sourcecode.swift; path = "____Tests.swift"; sourceTree = "<group>"; };
		EE8F41961EFBEBE300DD5265 /* Info.plist */ = {isa = PBXFileReference; lastKnownFileType = text.plist.xml; path = Info.plist; sourceTree = "<group>"; };
		EE8F419B1EFBEBE300DD5265 /* 斗鱼直播UITests.xctest */ = {isa = PBXFileReference; explicitFileType = wrapper.cfbundle; includeInIndex = 0; path = "斗鱼直播UITests.xctest"; sourceTree = BUILT_PRODUCTS_DIR; };
		EE8F419F1EFBEBE300DD5265 /* ____UITests.swift */ = {isa = PBXFileReference; lastKnownFileType = sourcecode.swift; path = "____UITests.swift"; sourceTree = "<group>"; };
		EE8F41A11EFBEBE300DD5265 /* Info.plist */ = {isa = PBXFileReference; lastKnownFileType = text.plist.xml; path = Info.plist; sourceTree = "<group>"; };
		EE8F41BD1EFCB34000DD5265 /* Base */ = {isa = PBXFileReference; lastKnownFileType = file.storyboard; name = Base; path = Base.lproj/Home.storyboard; sourceTree = "<group>"; };
		EE8F41C01EFCB38100DD5265 /* Base */ = {isa = PBXFileReference; lastKnownFileType = file.storyboard; name = Base; path = Base.lproj/Live.storyboard; sourceTree = "<group>"; };
		EE8F41C31EFCB3AA00DD5265 /* Base */ = {isa = PBXFileReference; lastKnownFileType = file.storyboard; name = Base; path = Base.lproj/Follow.storyboard; sourceTree = "<group>"; };
		EE8F41C61EFCB3C100DD5265 /* Base */ = {isa = PBXFileReference; lastKnownFileType = file.storyboard; name = Base; path = Base.lproj/Profile.storyboard; sourceTree = "<group>"; };
		EE8F41ED1EFCB65900DD5265 /* MainTarBarViewController.swift */ = {isa = PBXFileReference; fileEncoding = 4; lastKnownFileType = sourcecode.swift; path = MainTarBarViewController.swift; sourceTree = "<group>"; };
		EE8F41F11EFCB72D00DD5265 /* HomeViewController.swift */ = {isa = PBXFileReference; fileEncoding = 4; lastKnownFileType = sourcecode.swift; path = HomeViewController.swift; sourceTree = "<group>"; };
		EE8F41F31EFCB74900DD5265 /* LiveViewController.swift */ = {isa = PBXFileReference; fileEncoding = 4; lastKnownFileType = sourcecode.swift; path = LiveViewController.swift; sourceTree = "<group>"; };
		EE8F41F51EFCB76000DD5265 /* ProfileViewController.swift */ = {isa = PBXFileReference; fileEncoding = 4; lastKnownFileType = sourcecode.swift; path = ProfileViewController.swift; sourceTree = "<group>"; };
		EE8F41F71EFCB77B00DD5265 /* FollowViewController.swift */ = {isa = PBXFileReference; fileEncoding = 4; lastKnownFileType = sourcecode.swift; path = FollowViewController.swift; sourceTree = "<group>"; };
		EEB2B6A81F0FB44500CDE79C /* CollectionGameCell.swift */ = {isa = PBXFileReference; fileEncoding = 4; lastKnownFileType = sourcecode.swift; path = CollectionGameCell.swift; sourceTree = "<group>"; };
		EEB2B6A91F0FB44500CDE79C /* CollectionGameCell.xib */ = {isa = PBXFileReference; fileEncoding = 4; lastKnownFileType = file.xib; path = CollectionGameCell.xib; sourceTree = "<group>"; };
		EEB2B6AC1F10BBC900CDE79C /* GameController.swift */ = {isa = PBXFileReference; fileEncoding = 4; lastKnownFileType = sourcecode.swift; path = GameController.swift; sourceTree = "<group>"; };
		EEB2B6AE1F10C86E00CDE79C /* GameViewModel.swift */ = {isa = PBXFileReference; fileEncoding = 4; lastKnownFileType = sourcecode.swift; path = GameViewModel.swift; sourceTree = "<group>"; };
		EEB2B6B01F10CA3D00CDE79C /* GameModel.swift */ = {isa = PBXFileReference; fileEncoding = 4; lastKnownFileType = sourcecode.swift; path = GameModel.swift; sourceTree = "<group>"; };
		EEB2B6B21F10CAFE00CDE79C /* BaseGameModel.swift */ = {isa = PBXFileReference; fileEncoding = 4; lastKnownFileType = sourcecode.swift; path = BaseGameModel.swift; sourceTree = "<group>"; };
		EEB2B6BE1F13900200CDE79C /* AmuseController.swift */ = {isa = PBXFileReference; fileEncoding = 4; lastKnownFileType = sourcecode.swift; path = AmuseController.swift; sourceTree = "<group>"; };
		EEB2B6C01F1399E400CDE79C /* AmuseViewModel.swift */ = {isa = PBXFileReference; fileEncoding = 4; lastKnownFileType = sourcecode.swift; path = AmuseViewModel.swift; sourceTree = "<group>"; };
		EEB2B6C21F14588D00CDE79C /* BaseAnchorViewModel.swift */ = {isa = PBXFileReference; fileEncoding = 4; lastKnownFileType = sourcecode.swift; path = BaseAnchorViewModel.swift; sourceTree = "<group>"; };
		EEB2B6C41F145CFF00CDE79C /* BaseAnchorController.swift */ = {isa = PBXFileReference; fileEncoding = 4; lastKnownFileType = sourcecode.swift; path = BaseAnchorController.swift; sourceTree = "<group>"; };
		EEB2B6CD1F14E98D00CDE79C /* AmuseMenuView.swift */ = {isa = PBXFileReference; fileEncoding = 4; lastKnownFileType = sourcecode.swift; path = AmuseMenuView.swift; sourceTree = "<group>"; };
		EEB2B6CF1F14E9A900CDE79C /* AmuseMenuView.xib */ = {isa = PBXFileReference; fileEncoding = 4; lastKnownFileType = file.xib; path = AmuseMenuView.xib; sourceTree = "<group>"; };
		EEB2B6D11F14F38800CDE79C /* CollectionAmuseMenuCell.swift */ = {isa = PBXFileReference; fileEncoding = 4; lastKnownFileType = sourcecode.swift; path = CollectionAmuseMenuCell.swift; sourceTree = "<group>"; };
		EEB2B6D21F14F38800CDE79C /* CollectionAmuseMenuCell.xib */ = {isa = PBXFileReference; fileEncoding = 4; lastKnownFileType = file.xib; path = CollectionAmuseMenuCell.xib; sourceTree = "<group>"; };
		EEE577441F0E4A1E00D0F558 /* CollectionCycleCell.swift */ = {isa = PBXFileReference; fileEncoding = 4; lastKnownFileType = sourcecode.swift; path = CollectionCycleCell.swift; sourceTree = "<group>"; };
		EEE577451F0E4A1E00D0F558 /* CollectionCycleCell.xib */ = {isa = PBXFileReference; fileEncoding = 4; lastKnownFileType = file.xib; path = CollectionCycleCell.xib; sourceTree = "<group>"; };
		EEE577481F0E5BF400D0F558 /* KGameView.swift */ = {isa = PBXFileReference; fileEncoding = 4; lastKnownFileType = sourcecode.swift; path = KGameView.swift; sourceTree = "<group>"; };
		EEE5774A1F0E5C0A00D0F558 /* KGameView.xib */ = {isa = PBXFileReference; fileEncoding = 4; lastKnownFileType = file.xib; path = KGameView.xib; sourceTree = "<group>"; };
/* End PBXFileReference section */

/* Begin PBXFrameworksBuildPhase section */
		EE8F41791EFBEBE300DD5265 /* Frameworks */ = {
			isa = PBXFrameworksBuildPhase;
			buildActionMask = 2147483647;
			files = (
				0F78C99F98725EDCB1D4E363 /* Pods_____.framework in Frameworks */,
			);
			runOnlyForDeploymentPostprocessing = 0;
		};
		EE8F418D1EFBEBE300DD5265 /* Frameworks */ = {
			isa = PBXFrameworksBuildPhase;
			buildActionMask = 2147483647;
			files = (
			);
			runOnlyForDeploymentPostprocessing = 0;
		};
		EE8F41981EFBEBE300DD5265 /* Frameworks */ = {
			isa = PBXFrameworksBuildPhase;
			buildActionMask = 2147483647;
			files = (
			);
			runOnlyForDeploymentPostprocessing = 0;
		};
/* End PBXFrameworksBuildPhase section */

/* Begin PBXGroup section */
		0EA3B701935522300831F5F9 /* Pods */ = {
			isa = PBXGroup;
			children = (
				9086A9F38AA14F62B1C615C7 /* Pods-斗鱼直播.debug.xcconfig */,
				5E0B8837A1132BC1732C392D /* Pods-斗鱼直播.release.xcconfig */,
			);
			name = Pods;
			sourceTree = "<group>";
		};
		E83214B7AD8322E230E9F4AF /* Frameworks */ = {
			isa = PBXGroup;
			children = (
				8C4FB8C24AE9A62828A14C8E /* Pods_____.framework */,
			);
			name = Frameworks;
			sourceTree = "<group>";
		};
		EE132DE91F0517B60045B4DA /* ViewModels */ = {
			isa = PBXGroup;
			children = (
				EE132DEA1F0517E00045B4DA /* RcommendViewModel.swift */,
				EEB2B6AE1F10C86E00CDE79C /* GameViewModel.swift */,
				EEB2B6C01F1399E400CDE79C /* AmuseViewModel.swift */,
			);
			path = ViewModels;
			sourceTree = "<group>";
		};
		EE1E35BB1F012AEA00547355 /* Extension */ = {
			isa = PBXGroup;
			children = (
				EE1E35BC1F012AEA00547355 /* UIBarButtonItem-extension.swift */,
				EE12B3B81F02700700C0E02B /* UIColor-Extension.swift */,
				EE132E6C1F05DF870045B4DA /* NSDate-Extension.swift */,
			);
			path = Extension;
			sourceTree = "<group>";
		};
		EE8F41731EFBEBE300DD5265 = {
			isa = PBXGroup;
			children = (
				EE8F417E1EFBEBE300DD5265 /* 斗鱼直播 */,
				EE8F41931EFBEBE300DD5265 /* 斗鱼直播Tests */,
				EE8F419E1EFBEBE300DD5265 /* 斗鱼直播UITests */,
				EE8F417D1EFBEBE300DD5265 /* Products */,
				0EA3B701935522300831F5F9 /* Pods */,
				E83214B7AD8322E230E9F4AF /* Frameworks */,
			);
			sourceTree = "<group>";
		};
		EE8F417D1EFBEBE300DD5265 /* Products */ = {
			isa = PBXGroup;
			children = (
				EE8F417C1EFBEBE300DD5265 /* 斗鱼直播.app */,
				EE8F41901EFBEBE300DD5265 /* 斗鱼直播Tests.xctest */,
				EE8F419B1EFBEBE300DD5265 /* 斗鱼直播UITests.xctest */,
			);
			name = Products;
			sourceTree = "<group>";
		};
		EE8F417E1EFBEBE300DD5265 /* 斗鱼直播 */ = {
			isa = PBXGroup;
			children = (
				EE8F41C81EFCB4C400DD5265 /* Classes */,
				EE8F417F1EFBEBE300DD5265 /* AppDelegate.swift */,
				EE8F41861EFBEBE300DD5265 /* Assets.xcassets */,
				EE8F418B1EFBEBE300DD5265 /* Info.plist */,
			);
			path = "斗鱼直播";
			sourceTree = "<group>";
		};
		EE8F41931EFBEBE300DD5265 /* 斗鱼直播Tests */ = {
			isa = PBXGroup;
			children = (
				EE8F41941EFBEBE300DD5265 /* ____Tests.swift */,
				EE8F41961EFBEBE300DD5265 /* Info.plist */,
			);
			path = "斗鱼直播Tests";
			sourceTree = "<group>";
		};
		EE8F419E1EFBEBE300DD5265 /* 斗鱼直播UITests */ = {
			isa = PBXGroup;
			children = (
				EE8F419F1EFBEBE300DD5265 /* ____UITests.swift */,
				EE8F41A11EFBEBE300DD5265 /* Info.plist */,
			);
			path = "斗鱼直播UITests";
			sourceTree = "<group>";
		};
		EE8F41C81EFCB4C400DD5265 /* Classes */ = {
			isa = PBXGroup;
			children = (
				EE8F41E81EFCB58200DD5265 /* Follow */,
				EE8F41D31EFCB4C400DD5265 /* Home */,
				EE8F41D81EFCB4C400DD5265 /* Live */,
				EE8F41DD1EFCB4C400DD5265 /* Main */,
				EE8F41E21EFCB4C400DD5265 /* Profile */,
				EE8F41E71EFCB4C400DD5265 /* Tools */,
			);
			path = Classes;
			sourceTree = "<group>";
		};
		EE8F41D31EFCB4C400DD5265 /* Home */ = {
			isa = PBXGroup;
			children = (
				EE132DE91F0517B60045B4DA /* ViewModels */,
				EE8F41D41EFCB4C400DD5265 /* Controllers */,
				EE8F41D51EFCB4C400DD5265 /* Models */,
				EE8F41D71EFCB4C400DD5265 /* Views */,
			);
			path = Home;
			sourceTree = "<group>";
		};
		EE8F41D41EFCB4C400DD5265 /* Controllers */ = {
			isa = PBXGroup;
			children = (
				EE8F41BC1EFCB34000DD5265 /* Home.storyboard */,
				EE8F41F11EFCB72D00DD5265 /* HomeViewController.swift */,
				EE1D284D1F04A46500F40A70 /* RecommendController.swift */,
				EEB2B6AC1F10BBC900CDE79C /* GameController.swift */,
				EEB2B6BE1F13900200CDE79C /* AmuseController.swift */,
			);
			path = Controllers;
			sourceTree = "<group>";
		};
		EE8F41D51EFCB4C400DD5265 /* Models */ = {
			isa = PBXGroup;
			children = (
				EE132E7E1F0A57780045B4DA /* CycleModel.swift */,
				EEB2B6B01F10CA3D00CDE79C /* GameModel.swift */,
			);
			path = Models;
			sourceTree = "<group>";
		};
		EE8F41D71EFCB4C400DD5265 /* Views */ = {
			isa = PBXGroup;
			children = (
				EE39E54B1F04CD8100819F47 /* CollectionHeadView.swift */,
				EE39E54C1F04CD8100819F47 /* CollectionHeadView.xib */,
				EE132E7A1F0A41710045B4DA /* RecommendCycleView.swift */,
				EE132E7C1F0A418B0045B4DA /* RecommendCycleView.xib */,
				EEE577441F0E4A1E00D0F558 /* CollectionCycleCell.swift */,
				EEE577451F0E4A1E00D0F558 /* CollectionCycleCell.xib */,
				EEE577481F0E5BF400D0F558 /* KGameView.swift */,
				EEE5774A1F0E5C0A00D0F558 /* KGameView.xib */,
				EEB2B6A81F0FB44500CDE79C /* CollectionGameCell.swift */,
				EEB2B6A91F0FB44500CDE79C /* CollectionGameCell.xib */,
				EEB2B6CD1F14E98D00CDE79C /* AmuseMenuView.swift */,
				EEB2B6CF1F14E9A900CDE79C /* AmuseMenuView.xib */,
				EEB2B6D11F14F38800CDE79C /* CollectionAmuseMenuCell.swift */,
				EEB2B6D21F14F38800CDE79C /* CollectionAmuseMenuCell.xib */,
			);
			path = Views;
			sourceTree = "<group>";
		};
		EE8F41D81EFCB4C400DD5265 /* Live */ = {
			isa = PBXGroup;
			children = (
				EE8F41D91EFCB4C400DD5265 /* Controllers */,
				EE8F41DA1EFCB4C400DD5265 /* Models */,
				EE8F41DB1EFCB4C400DD5265 /* ViewModels */,
				EE8F41DC1EFCB4C400DD5265 /* Views */,
			);
			path = Live;
			sourceTree = "<group>";
		};
		EE8F41D91EFCB4C400DD5265 /* Controllers */ = {
			isa = PBXGroup;
			children = (
				EE8F41BF1EFCB38100DD5265 /* Live.storyboard */,
				EE8F41F31EFCB74900DD5265 /* LiveViewController.swift */,
			);
			path = Controllers;
			sourceTree = "<group>";
		};
		EE8F41DA1EFCB4C400DD5265 /* Models */ = {
			isa = PBXGroup;
			children = (
			);
			path = Models;
			sourceTree = "<group>";
		};
		EE8F41DB1EFCB4C400DD5265 /* ViewModels */ = {
			isa = PBXGroup;
			children = (
			);
			path = ViewModels;
			sourceTree = "<group>";
		};
		EE8F41DC1EFCB4C400DD5265 /* Views */ = {
			isa = PBXGroup;
			children = (
			);
			path = Views;
			sourceTree = "<group>";
		};
		EE8F41DD1EFCB4C400DD5265 /* Main */ = {
			isa = PBXGroup;
			children = (
				EE8F41DE1EFCB4C400DD5265 /* Controllers */,
				EE8F41DF1EFCB4C400DD5265 /* Models */,
				EE8F41E01EFCB4C400DD5265 /* ViewModels */,
				EE8F41E11EFCB4C400DD5265 /* Views */,
			);
			path = Main;
			sourceTree = "<group>";
		};
		EE8F41DE1EFCB4C400DD5265 /* Controllers */ = {
			isa = PBXGroup;
			children = (
				EE8F41831EFBEBE300DD5265 /* Main.storyboard */,
				EE8F41ED1EFCB65900DD5265 /* MainTarBarViewController.swift */,
				EEB2B6C41F145CFF00CDE79C /* BaseAnchorController.swift */,
			);
			path = Controllers;
			sourceTree = "<group>";
		};
		EE8F41DF1EFCB4C400DD5265 /* Models */ = {
			isa = PBXGroup;
			children = (
				EEB2B6B21F10CAFE00CDE79C /* BaseGameModel.swift */,
				EE132E681F05DBFF0045B4DA /* AnchorGroup.swift */,
				EE132E6A1F05DCD60045B4DA /* AnchorModel.swift */,
			);
			path = Models;
			sourceTree = "<group>";
		};
		EE8F41E01EFCB4C400DD5265 /* ViewModels */ = {
			isa = PBXGroup;
			children = (
				EEB2B6C21F14588D00CDE79C /* BaseAnchorViewModel.swift */,
			);
			path = ViewModels;
			sourceTree = "<group>";
		};
		EE8F41E11EFCB4C400DD5265 /* Views */ = {
			isa = PBXGroup;
			children = (
				EE1E35B91F01272B00547355 /* PageTitleView.swift */,
				EE12B3B61F026CD800C0E02B /* PageContentView.swift */,
				EE39E54F1F04CFC700819F47 /* KCollectionNormalCell.swift */,
				EE39E5501F04CFC700819F47 /* KCollectionNormalCell.xib */,
				EE39E5531F04D85A00819F47 /* KCollectionPrettyCell.swift */,
				EE39E5541F04D85A00819F47 /* KCollectionPrettyCell.xib */,
				EE132E711F09F1860045B4DA /* CollectionBaseCell.swift */,
			);
			path = Views;
			sourceTree = "<group>";
		};
		EE8F41E21EFCB4C400DD5265 /* Profile */ = {
			isa = PBXGroup;
			children = (
				EE8F41E31EFCB4C400DD5265 /* Controllers */,
				EE8F41E41EFCB4C400DD5265 /* Models */,
				EE8F41E51EFCB4C400DD5265 /* ViewModels */,
				EE8F41E61EFCB4C400DD5265 /* Views */,
			);
			path = Profile;
			sourceTree = "<group>";
		};
		EE8F41E31EFCB4C400DD5265 /* Controllers */ = {
			isa = PBXGroup;
			children = (
				EE8F41C51EFCB3C100DD5265 /* Profile.storyboard */,
				EE8F41F51EFCB76000DD5265 /* ProfileViewController.swift */,
			);
			path = Controllers;
			sourceTree = "<group>";
		};
		EE8F41E41EFCB4C400DD5265 /* Models */ = {
			isa = PBXGroup;
			children = (
			);
			path = Models;
			sourceTree = "<group>";
		};
		EE8F41E51EFCB4C400DD5265 /* ViewModels */ = {
			isa = PBXGroup;
			children = (
			);
			path = ViewModels;
			sourceTree = "<group>";
		};
		EE8F41E61EFCB4C400DD5265 /* Views */ = {
			isa = PBXGroup;
			children = (
			);
			path = Views;
			sourceTree = "<group>";
		};
		EE8F41E71EFCB4C400DD5265 /* Tools */ = {
			isa = PBXGroup;
			children = (
				EE1E35BE1F012B1000547355 /* Common.swift */,
				EE132DE31F04EEEC0045B4DA /* NetworkTools.swift */,
				EE1E35BB1F012AEA00547355 /* Extension */,
			);
			path = Tools;
			sourceTree = "<group>";
		};
		EE8F41E81EFCB58200DD5265 /* Follow */ = {
			isa = PBXGroup;
			children = (
				EE8F41E91EFCB58200DD5265 /* Controllers */,
				EE8F41EA1EFCB58200DD5265 /* Models */,
				EE8F41EB1EFCB58200DD5265 /* ViewModels */,
				EE8F41EC1EFCB58200DD5265 /* Views */,
			);
			path = Follow;
			sourceTree = "<group>";
		};
		EE8F41E91EFCB58200DD5265 /* Controllers */ = {
			isa = PBXGroup;
			children = (
				EE8F41C21EFCB3AA00DD5265 /* Follow.storyboard */,
				EE8F41F71EFCB77B00DD5265 /* FollowViewController.swift */,
			);
			path = Controllers;
			sourceTree = "<group>";
		};
		EE8F41EA1EFCB58200DD5265 /* Models */ = {
			isa = PBXGroup;
			children = (
			);
			path = Models;
			sourceTree = "<group>";
		};
		EE8F41EB1EFCB58200DD5265 /* ViewModels */ = {
			isa = PBXGroup;
			children = (
			);
			path = ViewModels;
			sourceTree = "<group>";
		};
		EE8F41EC1EFCB58200DD5265 /* Views */ = {
			isa = PBXGroup;
			children = (
			);
			path = Views;
			sourceTree = "<group>";
		};
/* End PBXGroup section */

/* Begin PBXNativeTarget section */
		EE8F417B1EFBEBE300DD5265 /* 斗鱼直播 */ = {
			isa = PBXNativeTarget;
			buildConfigurationList = EE8F41A41EFBEBE300DD5265 /* Build configuration list for PBXNativeTarget "斗鱼直播" */;
			buildPhases = (
				FDB94B14BCEC10D94CF1A2B5 /* [CP] Check Pods Manifest.lock */,
				EE8F41781EFBEBE300DD5265 /* Sources */,
				EE8F41791EFBEBE300DD5265 /* Frameworks */,
				EE8F417A1EFBEBE300DD5265 /* Resources */,
				1960F1D314566E6F6B72D845 /* [CP] Embed Pods Frameworks */,
				D00F742427AE3A7A9CB9A882 /* [CP] Copy Pods Resources */,
			);
			buildRules = (
			);
			dependencies = (
			);
			name = "斗鱼直播";
			productName = "斗鱼直播";
			productReference = EE8F417C1EFBEBE300DD5265 /* 斗鱼直播.app */;
			productType = "com.apple.product-type.application";
		};
		EE8F418F1EFBEBE300DD5265 /* 斗鱼直播Tests */ = {
			isa = PBXNativeTarget;
			buildConfigurationList = EE8F41A71EFBEBE300DD5265 /* Build configuration list for PBXNativeTarget "斗鱼直播Tests" */;
			buildPhases = (
				EE8F418C1EFBEBE300DD5265 /* Sources */,
				EE8F418D1EFBEBE300DD5265 /* Frameworks */,
				EE8F418E1EFBEBE300DD5265 /* Resources */,
			);
			buildRules = (
			);
			dependencies = (
				EE8F41921EFBEBE300DD5265 /* PBXTargetDependency */,
			);
			name = "斗鱼直播Tests";
			productName = "斗鱼直播Tests";
			productReference = EE8F41901EFBEBE300DD5265 /* 斗鱼直播Tests.xctest */;
			productType = "com.apple.product-type.bundle.unit-test";
		};
		EE8F419A1EFBEBE300DD5265 /* 斗鱼直播UITests */ = {
			isa = PBXNativeTarget;
			buildConfigurationList = EE8F41AA1EFBEBE300DD5265 /* Build configuration list for PBXNativeTarget "斗鱼直播UITests" */;
			buildPhases = (
				EE8F41971EFBEBE300DD5265 /* Sources */,
				EE8F41981EFBEBE300DD5265 /* Frameworks */,
				EE8F41991EFBEBE300DD5265 /* Resources */,
			);
			buildRules = (
			);
			dependencies = (
				EE8F419D1EFBEBE300DD5265 /* PBXTargetDependency */,
			);
			name = "斗鱼直播UITests";
			productName = "斗鱼直播UITests";
			productReference = EE8F419B1EFBEBE300DD5265 /* 斗鱼直播UITests.xctest */;
			productType = "com.apple.product-type.bundle.ui-testing";
		};
/* End PBXNativeTarget section */

/* Begin PBXProject section */
		EE8F41741EFBEBE300DD5265 /* Project object */ = {
			isa = PBXProject;
			attributes = {
				LastSwiftUpdateCheck = 0830;
				LastUpgradeCheck = 0830;
				ORGANIZATIONNAME = niujinfeng;
				TargetAttributes = {
					EE8F417B1EFBEBE300DD5265 = {
						CreatedOnToolsVersion = 8.3.2;
						DevelopmentTeam = J6NT87KVZZ;
						ProvisioningStyle = Automatic;
					};
					EE8F418F1EFBEBE300DD5265 = {
						CreatedOnToolsVersion = 8.3.2;
						ProvisioningStyle = Automatic;
						TestTargetID = EE8F417B1EFBEBE300DD5265;
					};
					EE8F419A1EFBEBE300DD5265 = {
						CreatedOnToolsVersion = 8.3.2;
						ProvisioningStyle = Automatic;
						TestTargetID = EE8F417B1EFBEBE300DD5265;
					};
				};
			};
			buildConfigurationList = EE8F41771EFBEBE300DD5265 /* Build configuration list for PBXProject "斗鱼直播" */;
			compatibilityVersion = "Xcode 3.2";
			developmentRegion = English;
			hasScannedForEncodings = 0;
			knownRegions = (
				en,
				Base,
			);
			mainGroup = EE8F41731EFBEBE300DD5265;
			productRefGroup = EE8F417D1EFBEBE300DD5265 /* Products */;
			projectDirPath = "";
			projectRoot = "";
			targets = (
				EE8F417B1EFBEBE300DD5265 /* 斗鱼直播 */,
				EE8F418F1EFBEBE300DD5265 /* 斗鱼直播Tests */,
				EE8F419A1EFBEBE300DD5265 /* 斗鱼直播UITests */,
			);
		};
/* End PBXProject section */

/* Begin PBXResourcesBuildPhase section */
		EE8F417A1EFBEBE300DD5265 /* Resources */ = {
			isa = PBXResourcesBuildPhase;
			buildActionMask = 2147483647;
			files = (
				EE132E7D1F0A418B0045B4DA /* RecommendCycleView.xib in Resources */,
				EE8F41871EFBEBE300DD5265 /* Assets.xcassets in Resources */,
				EEE5774B1F0E5C0A00D0F558 /* KGameView.xib in Resources */,
				EE8F41851EFBEBE300DD5265 /* Main.storyboard in Resources */,
				EE39E5521F04CFC700819F47 /* KCollectionNormalCell.xib in Resources */,
				EEB2B6AB1F0FB44500CDE79C /* CollectionGameCell.xib in Resources */,
				EEE577471F0E4A1E00D0F558 /* CollectionCycleCell.xib in Resources */,
				EEB2B6D01F14E9A900CDE79C /* AmuseMenuView.xib in Resources */,
				EE39E5561F04D85A00819F47 /* KCollectionPrettyCell.xib in Resources */,
				EEB2B6D41F14F38800CDE79C /* CollectionAmuseMenuCell.xib in Resources */,
				EE8F41C11EFCB38100DD5265 /* Live.storyboard in Resources */,
				EE8F41BE1EFCB34000DD5265 /* Home.storyboard in Resources */,
				EE8F41C71EFCB3C100DD5265 /* Profile.storyboard in Resources */,
				EE39E54E1F04CD8100819F47 /* CollectionHeadView.xib in Resources */,
				EE8F41C41EFCB3AA00DD5265 /* Follow.storyboard in Resources */,
			);
			runOnlyForDeploymentPostprocessing = 0;
		};
		EE8F418E1EFBEBE300DD5265 /* Resources */ = {
			isa = PBXResourcesBuildPhase;
			buildActionMask = 2147483647;
			files = (
			);
			runOnlyForDeploymentPostprocessing = 0;
		};
		EE8F41991EFBEBE300DD5265 /* Resources */ = {
			isa = PBXResourcesBuildPhase;
			buildActionMask = 2147483647;
			files = (
			);
			runOnlyForDeploymentPostprocessing = 0;
		};
/* End PBXResourcesBuildPhase section */

/* Begin PBXShellScriptBuildPhase section */
		1960F1D314566E6F6B72D845 /* [CP] Embed Pods Frameworks */ = {
			isa = PBXShellScriptBuildPhase;
			buildActionMask = 2147483647;
			files = (
			);
			inputPaths = (
				"${SRCROOT}/Pods/Target Support Files/Pods-斗鱼直播/Pods-斗鱼直播-frameworks.sh",
				"${BUILT_PRODUCTS_DIR}/Alamofire/Alamofire.framework",
				"${BUILT_PRODUCTS_DIR}/Kingfisher/Kingfisher.framework",
			);
			name = "[CP] Embed Pods Frameworks";
			outputPaths = (
				"${TARGET_BUILD_DIR}/${FRAMEWORKS_FOLDER_PATH}/Alamofire.framework",
				"${TARGET_BUILD_DIR}/${FRAMEWORKS_FOLDER_PATH}/Kingfisher.framework",
			);
			runOnlyForDeploymentPostprocessing = 0;
			shellPath = /bin/sh;
			shellScript = "\"${SRCROOT}/Pods/Target Support Files/Pods-斗鱼直播/Pods-斗鱼直播-frameworks.sh\"\n";
			showEnvVarsInLog = 0;
		};
		D00F742427AE3A7A9CB9A882 /* [CP] Copy Pods Resources */ = {
			isa = PBXShellScriptBuildPhase;
			buildActionMask = 2147483647;
			files = (
			);
			inputPaths = (
			);
			name = "[CP] Copy Pods Resources";
			outputPaths = (
			);
			runOnlyForDeploymentPostprocessing = 0;
			shellPath = /bin/sh;
			shellScript = "\"${SRCROOT}/Pods/Target Support Files/Pods-斗鱼直播/Pods-斗鱼直播-resources.sh\"\n";
			showEnvVarsInLog = 0;
		};
		FDB94B14BCEC10D94CF1A2B5 /* [CP] Check Pods Manifest.lock */ = {
			isa = PBXShellScriptBuildPhase;
			buildActionMask = 2147483647;
			files = (
			);
			inputPaths = (
				"${PODS_PODFILE_DIR_PATH}/Podfile.lock",
				"${PODS_ROOT}/Manifest.lock",
			);
			name = "[CP] Check Pods Manifest.lock";
			outputPaths = (
				"$(DERIVED_FILE_DIR)/Pods-斗鱼直播-checkManifestLockResult.txt",
			);
			runOnlyForDeploymentPostprocessing = 0;
			shellPath = /bin/sh;
			shellScript = "diff \"${PODS_PODFILE_DIR_PATH}/Podfile.lock\" \"${PODS_ROOT}/Manifest.lock\" > /dev/null\nif [ $? != 0 ] ; then\n    # print error to STDERR\n    echo \"error: The sandbox is not in sync with the Podfile.lock. Run 'pod install' or update your CocoaPods installation.\" >&2\n    exit 1\nfi\n# This output is used by Xcode 'outputs' to avoid re-running this script phase.\necho \"SUCCESS\" > \"${SCRIPT_OUTPUT_FILE_0}\"\n";
			showEnvVarsInLog = 0;
		};
/* End PBXShellScriptBuildPhase section */

/* Begin PBXSourcesBuildPhase section */
		EE8F41781EFBEBE300DD5265 /* Sources */ = {
			isa = PBXSourcesBuildPhase;
			buildActionMask = 2147483647;
			files = (
				EE39E5551F04D85A00819F47 /* KCollectionPrettyCell.swift in Sources */,
				EE1E35BA1F01272B00547355 /* PageTitleView.swift in Sources */,
				EE132E6B1F05DCD60045B4DA /* AnchorModel.swift in Sources */,
				EEB2B6AA1F0FB44500CDE79C /* CollectionGameCell.swift in Sources */,
				EEB2B6AD1F10BBC900CDE79C /* GameController.swift in Sources */,
				EE8F41801EFBEBE300DD5265 /* AppDelegate.swift in Sources */,
				EE1E35BD1F012AEA00547355 /* UIBarButtonItem-extension.swift in Sources */,
				EE12B3B71F026CD800C0E02B /* PageContentView.swift in Sources */,
				EE132DEB1F0517E00045B4DA /* RcommendViewModel.swift in Sources */,
				EE132E691F05DBFF0045B4DA /* AnchorGroup.swift in Sources */,
				EEE577461F0E4A1E00D0F558 /* CollectionCycleCell.swift in Sources */,
				EE8F41EE1EFCB65900DD5265 /* MainTarBarViewController.swift in Sources */,
				EEB2B6BF1F13900200CDE79C /* AmuseController.swift in Sources */,
				EEB2B6C31F14588D00CDE79C /* BaseAnchorViewModel.swift in Sources */,
				EE1E35BF1F012B1000547355 /* Common.swift in Sources */,
				EE132E6D1F05DF870045B4DA /* NSDate-Extension.swift in Sources */,
				EEB2B6B11F10CA3D00CDE79C /* GameModel.swift in Sources */,
				EE1D284E1F04A46500F40A70 /* RecommendController.swift in Sources */,
				EE132E721F09F1860045B4DA /* CollectionBaseCell.swift in Sources */,
				EE132DE41F04EEEC0045B4DA /* NetworkTools.swift in Sources */,
				EEB2B6D31F14F38800CDE79C /* CollectionAmuseMenuCell.swift in Sources */,
				EE8F41F61EFCB76100DD5265 /* ProfileViewController.swift in Sources */,
				EE8F41F81EFCB77B00DD5265 /* FollowViewController.swift in Sources */,
				EE8F41F41EFCB74900DD5265 /* LiveViewController.swift in Sources */,
				EEB2B6C11F1399E400CDE79C /* AmuseViewModel.swift in Sources */,
				EEB2B6AF1F10C86E00CDE79C /* GameViewModel.swift in Sources */,
				EEB2B6C51F145CFF00CDE79C /* BaseAnchorController.swift in Sources */,
				EE39E5511F04CFC700819F47 /* KCollectionNormalCell.swift in Sources */,
				EEB2B6CE1F14E98D00CDE79C /* AmuseMenuView.swift in Sources */,
				EE39E54D1F04CD8100819F47 /* CollectionHeadView.swift in Sources */,
				EEB2B6B31F10CAFE00CDE79C /* BaseGameModel.swift in Sources */,
				EEE577491F0E5BF400D0F558 /* KGameView.swift in Sources */,
				EE8F41F21EFCB72D00DD5265 /* HomeViewController.swift in Sources */,
				EE132E7B1F0A41710045B4DA /* RecommendCycleView.swift in Sources */,
				EE132E7F1F0A57780045B4DA /* CycleModel.swift in Sources */,
				EE12B3B91F02700700C0E02B /* UIColor-Extension.swift in Sources */,
			);
			runOnlyForDeploymentPostprocessing = 0;
		};
		EE8F418C1EFBEBE300DD5265 /* Sources */ = {
			isa = PBXSourcesBuildPhase;
			buildActionMask = 2147483647;
			files = (
				EE8F41951EFBEBE300DD5265 /* ____Tests.swift in Sources */,
			);
			runOnlyForDeploymentPostprocessing = 0;
		};
		EE8F41971EFBEBE300DD5265 /* Sources */ = {
			isa = PBXSourcesBuildPhase;
			buildActionMask = 2147483647;
			files = (
				EE8F41A01EFBEBE300DD5265 /* ____UITests.swift in Sources */,
			);
			runOnlyForDeploymentPostprocessing = 0;
		};
/* End PBXSourcesBuildPhase section */

/* Begin PBXTargetDependency section */
		EE8F41921EFBEBE300DD5265 /* PBXTargetDependency */ = {
			isa = PBXTargetDependency;
			target = EE8F417B1EFBEBE300DD5265 /* 斗鱼直播 */;
			targetProxy = EE8F41911EFBEBE300DD5265 /* PBXContainerItemProxy */;
		};
		EE8F419D1EFBEBE300DD5265 /* PBXTargetDependency */ = {
			isa = PBXTargetDependency;
			target = EE8F417B1EFBEBE300DD5265 /* 斗鱼直播 */;
			targetProxy = EE8F419C1EFBEBE300DD5265 /* PBXContainerItemProxy */;
		};
/* End PBXTargetDependency section */

/* Begin PBXVariantGroup section */
		EE8F41831EFBEBE300DD5265 /* Main.storyboard */ = {
			isa = PBXVariantGroup;
			children = (
				EE8F41841EFBEBE300DD5265 /* Base */,
			);
			name = Main.storyboard;
			path = ../../..;
			sourceTree = "<group>";
		};
		EE8F41BC1EFCB34000DD5265 /* Home.storyboard */ = {
			isa = PBXVariantGroup;
			children = (
				EE8F41BD1EFCB34000DD5265 /* Base */,
			);
			name = Home.storyboard;
			path = ../../..;
			sourceTree = "<group>";
		};
		EE8F41BF1EFCB38100DD5265 /* Live.storyboard */ = {
			isa = PBXVariantGroup;
			children = (
				EE8F41C01EFCB38100DD5265 /* Base */,
			);
			name = Live.storyboard;
			path = ../../..;
			sourceTree = "<group>";
		};
		EE8F41C21EFCB3AA00DD5265 /* Follow.storyboard */ = {
			isa = PBXVariantGroup;
			children = (
				EE8F41C31EFCB3AA00DD5265 /* Base */,
			);
			name = Follow.storyboard;
			path = ../../..;
			sourceTree = "<group>";
		};
		EE8F41C51EFCB3C100DD5265 /* Profile.storyboard */ = {
			isa = PBXVariantGroup;
			children = (
				EE8F41C61EFCB3C100DD5265 /* Base */,
			);
			name = Profile.storyboard;
			path = ../../..;
			sourceTree = "<group>";
		};
/* End PBXVariantGroup section */

/* Begin XCBuildConfiguration section */
		EE8F41A21EFBEBE300DD5265 /* Debug */ = {
			isa = XCBuildConfiguration;
			buildSettings = {
				ALWAYS_SEARCH_USER_PATHS = NO;
				CLANG_ANALYZER_NONNULL = YES;
				CLANG_ANALYZER_NUMBER_OBJECT_CONVERSION = YES_AGGRESSIVE;
				CLANG_CXX_LANGUAGE_STANDARD = "gnu++0x";
				CLANG_CXX_LIBRARY = "libc++";
				CLANG_ENABLE_MODULES = YES;
				CLANG_ENABLE_OBJC_ARC = YES;
				CLANG_WARN_BOOL_CONVERSION = YES;
				CLANG_WARN_CONSTANT_CONVERSION = YES;
				CLANG_WARN_DIRECT_OBJC_ISA_USAGE = YES_ERROR;
				CLANG_WARN_DOCUMENTATION_COMMENTS = YES;
				CLANG_WARN_EMPTY_BODY = YES;
				CLANG_WARN_ENUM_CONVERSION = YES;
				CLANG_WARN_INFINITE_RECURSION = YES;
				CLANG_WARN_INT_CONVERSION = YES;
				CLANG_WARN_OBJC_ROOT_CLASS = YES_ERROR;
				CLANG_WARN_SUSPICIOUS_MOVE = YES;
				CLANG_WARN_UNREACHABLE_CODE = YES;
				CLANG_WARN__DUPLICATE_METHOD_MATCH = YES;
				"CODE_SIGN_IDENTITY[sdk=iphoneos*]" = "iPhone Developer";
				COPY_PHASE_STRIP = NO;
				DEBUG_INFORMATION_FORMAT = dwarf;
				ENABLE_STRICT_OBJC_MSGSEND = YES;
				ENABLE_TESTABILITY = YES;
				GCC_C_LANGUAGE_STANDARD = gnu99;
				GCC_DYNAMIC_NO_PIC = NO;
				GCC_NO_COMMON_BLOCKS = YES;
				GCC_OPTIMIZATION_LEVEL = 0;
				GCC_PREPROCESSOR_DEFINITIONS = (
					"DEBUG=1",
					"$(inherited)",
				);
				GCC_WARN_64_TO_32_BIT_CONVERSION = YES;
				GCC_WARN_ABOUT_RETURN_TYPE = YES_ERROR;
				GCC_WARN_UNDECLARED_SELECTOR = YES;
				GCC_WARN_UNINITIALIZED_AUTOS = YES_AGGRESSIVE;
				GCC_WARN_UNUSED_FUNCTION = YES;
				GCC_WARN_UNUSED_VARIABLE = YES;
				IPHONEOS_DEPLOYMENT_TARGET = 10.3;
				MTL_ENABLE_DEBUG_INFO = YES;
				ONLY_ACTIVE_ARCH = YES;
				SDKROOT = iphoneos;
				SWIFT_ACTIVE_COMPILATION_CONDITIONS = DEBUG;
				SWIFT_OPTIMIZATION_LEVEL = "-Onone";
				TARGETED_DEVICE_FAMILY = "1,2";
			};
			name = Debug;
		};
		EE8F41A31EFBEBE300DD5265 /* Release */ = {
			isa = XCBuildConfiguration;
			buildSettings = {
				ALWAYS_SEARCH_USER_PATHS = NO;
				CLANG_ANALYZER_NONNULL = YES;
				CLANG_ANALYZER_NUMBER_OBJECT_CONVERSION = YES_AGGRESSIVE;
				CLANG_CXX_LANGUAGE_STANDARD = "gnu++0x";
				CLANG_CXX_LIBRARY = "libc++";
				CLANG_ENABLE_MODULES = YES;
				CLANG_ENABLE_OBJC_ARC = YES;
				CLANG_WARN_BOOL_CONVERSION = YES;
				CLANG_WARN_CONSTANT_CONVERSION = YES;
				CLANG_WARN_DIRECT_OBJC_ISA_USAGE = YES_ERROR;
				CLANG_WARN_DOCUMENTATION_COMMENTS = YES;
				CLANG_WARN_EMPTY_BODY = YES;
				CLANG_WARN_ENUM_CONVERSION = YES;
				CLANG_WARN_INFINITE_RECURSION = YES;
				CLANG_WARN_INT_CONVERSION = YES;
				CLANG_WARN_OBJC_ROOT_CLASS = YES_ERROR;
				CLANG_WARN_SUSPICIOUS_MOVE = YES;
				CLANG_WARN_UNREACHABLE_CODE = YES;
				CLANG_WARN__DUPLICATE_METHOD_MATCH = YES;
				"CODE_SIGN_IDENTITY[sdk=iphoneos*]" = "iPhone Developer";
				COPY_PHASE_STRIP = NO;
				DEBUG_INFORMATION_FORMAT = "dwarf-with-dsym";
				ENABLE_NS_ASSERTIONS = NO;
				ENABLE_STRICT_OBJC_MSGSEND = YES;
				GCC_C_LANGUAGE_STANDARD = gnu99;
				GCC_NO_COMMON_BLOCKS = YES;
				GCC_WARN_64_TO_32_BIT_CONVERSION = YES;
				GCC_WARN_ABOUT_RETURN_TYPE = YES_ERROR;
				GCC_WARN_UNDECLARED_SELECTOR = YES;
				GCC_WARN_UNINITIALIZED_AUTOS = YES_AGGRESSIVE;
				GCC_WARN_UNUSED_FUNCTION = YES;
				GCC_WARN_UNUSED_VARIABLE = YES;
				IPHONEOS_DEPLOYMENT_TARGET = 10.3;
				MTL_ENABLE_DEBUG_INFO = NO;
				SDKROOT = iphoneos;
				SWIFT_OPTIMIZATION_LEVEL = "-Owholemodule";
				TARGETED_DEVICE_FAMILY = "1,2";
				VALIDATE_PRODUCT = YES;
			};
			name = Release;
		};
		EE8F41A51EFBEBE300DD5265 /* Debug */ = {
			isa = XCBuildConfiguration;
			baseConfigurationReference = 9086A9F38AA14F62B1C615C7 /* Pods-斗鱼直播.debug.xcconfig */;
			buildSettings = {
				ASSETCATALOG_COMPILER_APPICON_NAME = AppIcon;
				ASSETCATALOG_COMPILER_LAUNCHIMAGE_NAME = LaunchImage;
				DEVELOPMENT_TEAM = J6NT87KVZZ;
				INFOPLIST_FILE = "斗鱼直播/Info.plist";
				LD_RUNPATH_SEARCH_PATHS = "$(inherited) @executable_path/Frameworks";
				PRODUCT_BUNDLE_IDENTIFIER = "PHICOMM.----";
				PRODUCT_NAME = "$(TARGET_NAME)";
				SWIFT_VERSION = 3.0;
				USER_HEADER_SEARCH_PATHS = "${SRCROOT}/**";
			};
			name = Debug;
		};
		EE8F41A61EFBEBE300DD5265 /* Release */ = {
			isa = XCBuildConfiguration;
			baseConfigurationReference = 5E0B8837A1132BC1732C392D /* Pods-斗鱼直播.release.xcconfig */;
			buildSettings = {
				ASSETCATALOG_COMPILER_APPICON_NAME = AppIcon;
				ASSETCATALOG_COMPILER_LAUNCHIMAGE_NAME = LaunchImage;
				DEVELOPMENT_TEAM = J6NT87KVZZ;
				INFOPLIST_FILE = "斗鱼直播/Info.plist";
				LD_RUNPATH_SEARCH_PATHS = "$(inherited) @executable_path/Frameworks";
				PRODUCT_BUNDLE_IDENTIFIER = "PHICOMM.----";
				PRODUCT_NAME = "$(TARGET_NAME)";
				SWIFT_VERSION = 3.0;
				USER_HEADER_SEARCH_PATHS = "${SRCROOT}/**";
			};
			name = Release;
		};
		EE8F41A81EFBEBE300DD5265 /* Debug */ = {
			isa = XCBuildConfiguration;
			buildSettings = {
				ALWAYS_EMBED_SWIFT_STANDARD_LIBRARIES = YES;
				BUNDLE_LOADER = "$(TEST_HOST)";
				INFOPLIST_FILE = "斗鱼直播Tests/Info.plist";
				LD_RUNPATH_SEARCH_PATHS = "$(inherited) @executable_path/Frameworks @loader_path/Frameworks";
				PRODUCT_BUNDLE_IDENTIFIER = "PHICOMM.----Tests";
				PRODUCT_NAME = "$(TARGET_NAME)";
				SWIFT_VERSION = 3.0;
				TEST_HOST = "$(BUILT_PRODUCTS_DIR)/斗鱼直播.app/斗鱼直播";
			};
			name = Debug;
		};
		EE8F41A91EFBEBE300DD5265 /* Release */ = {
			isa = XCBuildConfiguration;
			buildSettings = {
				ALWAYS_EMBED_SWIFT_STANDARD_LIBRARIES = YES;
				BUNDLE_LOADER = "$(TEST_HOST)";
				INFOPLIST_FILE = "斗鱼直播Tests/Info.plist";
				LD_RUNPATH_SEARCH_PATHS = "$(inherited) @executable_path/Frameworks @loader_path/Frameworks";
				PRODUCT_BUNDLE_IDENTIFIER = "PHICOMM.----Tests";
				PRODUCT_NAME = "$(TARGET_NAME)";
				SWIFT_VERSION = 3.0;
				TEST_HOST = "$(BUILT_PRODUCTS_DIR)/斗鱼直播.app/斗鱼直播";
			};
			name = Release;
		};
		EE8F41AB1EFBEBE300DD5265 /* Debug */ = {
			isa = XCBuildConfiguration;
			buildSettings = {
				ALWAYS_EMBED_SWIFT_STANDARD_LIBRARIES = YES;
				INFOPLIST_FILE = "斗鱼直播UITests/Info.plist";
				LD_RUNPATH_SEARCH_PATHS = "$(inherited) @executable_path/Frameworks @loader_path/Frameworks";
				PRODUCT_BUNDLE_IDENTIFIER = "PHICOMM.----UITests";
				PRODUCT_NAME = "$(TARGET_NAME)";
				SWIFT_VERSION = 3.0;
				TEST_TARGET_NAME = "斗鱼直播";
			};
			name = Debug;
		};
		EE8F41AC1EFBEBE300DD5265 /* Release */ = {
			isa = XCBuildConfiguration;
			buildSettings = {
				ALWAYS_EMBED_SWIFT_STANDARD_LIBRARIES = YES;
				INFOPLIST_FILE = "斗鱼直播UITests/Info.plist";
				LD_RUNPATH_SEARCH_PATHS = "$(inherited) @executable_path/Frameworks @loader_path/Frameworks";
				PRODUCT_BUNDLE_IDENTIFIER = "PHICOMM.----UITests";
				PRODUCT_NAME = "$(TARGET_NAME)";
				SWIFT_VERSION = 3.0;
				TEST_TARGET_NAME = "斗鱼直播";
			};
			name = Release;
		};
/* End XCBuildConfiguration section */

/* Begin XCConfigurationList section */
		EE8F41771EFBEBE300DD5265 /* Build configuration list for PBXProject "斗鱼直播" */ = {
			isa = XCConfigurationList;
			buildConfigurations = (
				EE8F41A21EFBEBE300DD5265 /* Debug */,
				EE8F41A31EFBEBE300DD5265 /* Release */,
			);
			defaultConfigurationIsVisible = 0;
			defaultConfigurationName = Release;
		};
		EE8F41A41EFBEBE300DD5265 /* Build configuration list for PBXNativeTarget "斗鱼直播" */ = {
			isa = XCConfigurationList;
			buildConfigurations = (
				EE8F41A51EFBEBE300DD5265 /* Debug */,
				EE8F41A61EFBEBE300DD5265 /* Release */,
			);
			defaultConfigurationIsVisible = 0;
			defaultConfigurationName = Release;
		};
		EE8F41A71EFBEBE300DD5265 /* Build configuration list for PBXNativeTarget "斗鱼直播Tests" */ = {
			isa = XCConfigurationList;
			buildConfigurations = (
				EE8F41A81EFBEBE300DD5265 /* Debug */,
				EE8F41A91EFBEBE300DD5265 /* Release */,
			);
			defaultConfigurationIsVisible = 0;
			defaultConfigurationName = Release;
		};
		EE8F41AA1EFBEBE300DD5265 /* Build configuration list for PBXNativeTarget "斗鱼直播UITests" */ = {
			isa = XCConfigurationList;
			buildConfigurations = (
				EE8F41AB1EFBEBE300DD5265 /* Debug */,
				EE8F41AC1EFBEBE300DD5265 /* Release */,
			);
			defaultConfigurationIsVisible = 0;
			defaultConfigurationName = Release;
		};
/* End XCConfigurationList section */
	};
	rootObject = EE8F41741EFBEBE300DD5265 /* Project object */;
}
